
Microsoft Visual Studio Solution File, Format Version 12.00
# Visual Studio Version 17
VisualStudioVersion = 17.6.33815.320
MinimumVisualStudioVersion = 10.0.40219.1
Project("{FAE04EC0-301F-11D3-BF4B-00C04F79EFBC}") = "Records", "Records.csproj", "{264032D9-5B07-4C2C-85DA-833A0F277D74}"
EndProject
Project("{FAE04EC0-301F-11D3-BF4B-00C04F79EFBC}") = "Records.Data", "..\Records.Data\Records.Data.csproj", "{7FAB6BD9-8B0B-46FA-85F1-ED182E21A13E}"
EndProject
Global
	GlobalSection(SolutionConfigurationPlatforms) = preSolution
		Debug|Any CPU = Debug|Any CPU
		Release|Any CPU = Release|Any CPU
	EndGlobalSection
	GlobalSection(ProjectConfigurationPlatforms) = postSolution
		{264032D9-5B07-4C2C-85DA-833A0F277D74}.Debug|Any CPU.ActiveCfg = Debug|Any CPU
		{264032D9-5B07-4C2C-85DA-833A0F277D74}.Debug|Any CPU.Build.0 = Debug|Any CPU
		{264032D9-5B07-4C2C-85DA-833A0F277D74}.Release|Any CPU.ActiveCfg = Release|Any CPU
		{264032D9-5B07-4C2C-85DA-833A0F277D74}.Release|Any CPU.Build.0 = Release|Any CPU
		{7FAB6BD9-8B0B-46FA-85F1-ED182E21A13E}.Debug|Any CPU.ActiveCfg = Debug|Any CPU
		{7FAB6BD9-8B0B-46FA-85F1-ED182E21A13E}.Debug|Any CPU.Build.0 = Debug|Any CPU
		{7FAB6BD9-8B0B-46FA-85F1-ED182E21A13E}.Release|Any CPU.ActiveCfg = Release|Any CPU
		{7FAB6BD9-8B0B-46FA-85F1-ED182E21A13E}.Release|Any CPU.Build.0 = Release|Any CPU
	EndGlobalSection
	GlobalSection(SolutionProperties) = preSolution
		HideSolutionNode = FALSE
	EndGlobalSection
	GlobalSection(ExtensibilityGlobals) = postSolution
		SolutionGuid = {3C70440B-F1BE-4675-BE50-DB9F2D8726A3}
	EndGlobalSection
EndGlobal
